
Microsoft Visual Studio Solution File, Format Version 12.00
# Visual Studio Version 16
VisualStudioVersion = 16.0.31911.196
MinimumVisualStudioVersion = 10.0.40219.1
Project("{FAE04EC0-301F-11D3-BF4B-00C04F79EFBC}") = "TestParsing", "TestParsing.csproj", "{A94D1724-8660-4214-9842-5132F15556B5}"
EndProject
Global
	GlobalSection(SolutionConfigurationPlatforms) = preSolution
		Debug|Any CPU = Debug|Any CPU
		Release|Any CPU = Release|Any CPU
	EndGlobalSection
	GlobalSection(ProjectConfigurationPlatforms) = postSolution
		{A94D1724-8660-4214-9842-5132F15556B5}.Debug|Any CPU.ActiveCfg = Debug|Any CPU
		{A94D1724-8660-4214-9842-5132F15556B5}.Debug|Any CPU.Build.0 = Debug|Any CPU
		{A94D1724-8660-4214-9842-5132F15556B5}.Release|Any CPU.ActiveCfg = Release|Any CPU
		{A94D1724-8660-4214-9842-5132F15556B5}.Release|Any CPU.Build.0 = Release|Any CPU
	EndGlobalSection
	GlobalSection(SolutionProperties) = preSolution
		HideSolutionNode = FALSE
	EndGlobalSection
	GlobalSection(ExtensibilityGlobals) = postSolution
		SolutionGuid = {D8FB3317-7210-45B1-A22D-2C40D5390BEB}
	EndGlobalSection
EndGlobal
